// !$*UTF8*$!
{
	archiveVersion = 1;
	classes = {
	};
	objectVersion = 48;
	objects = {

/* Begin PBXBuildFile section */
		5241F11904389E04FFFEA5DF /* Pods_TwitterTests.framework in Frameworks */ = {isa = PBXBuildFile; fileRef = DD3911547A6427DE40B0FBBC /* Pods_TwitterTests.framework */; };
		6625CA5E2012884C00F66DA5 /* AppDelegate.swift in Sources */ = {isa = PBXBuildFile; fileRef = 6625CA5D2012884C00F66DA5 /* AppDelegate.swift */; };
		6625CA652012884C00F66DA5 /* Assets.xcassets in Resources */ = {isa = PBXBuildFile; fileRef = 6625CA642012884C00F66DA5 /* Assets.xcassets */; };
		6625CA682012884C00F66DA5 /* LaunchScreen.storyboard in Resources */ = {isa = PBXBuildFile; fileRef = 6625CA662012884C00F66DA5 /* LaunchScreen.storyboard */; };
		6625CA732012884C00F66DA5 /* TwitterTests.swift in Sources */ = {isa = PBXBuildFile; fileRef = 6625CA722012884C00F66DA5 /* TwitterTests.swift */; };
		6625CA7E20128A6400F66DA5 /* HomeController.swift in Sources */ = {isa = PBXBuildFile; fileRef = 6625CA7D20128A6400F66DA5 /* HomeController.swift */; };
		667164E3201BB41A0023E5AB /* GoogleService-Info.plist in Resources */ = {isa = PBXBuildFile; fileRef = 667164E2201BB41A0023E5AB /* GoogleService-Info.plist */; };
		66BD9BAA2020A6D2001F99D5 /* Service.swift in Sources */ = {isa = PBXBuildFile; fileRef = 66BD9BA92020A6D2001F99D5 /* Service.swift */; };
		66C707972018E8AF00D28B22 /* HomeDatasourceController.swift in Sources */ = {isa = PBXBuildFile; fileRef = 66C707962018E8AF00D28B22 /* HomeDatasourceController.swift */; };
		66C7079C2018F12B00D28B22 /* UserHeaderFooter.swift in Sources */ = {isa = PBXBuildFile; fileRef = 66C7079B2018F12B00D28B22 /* UserHeaderFooter.swift */; };
		66C7079E2018F16900D28B22 /* HomeDatasource.swift in Sources */ = {isa = PBXBuildFile; fileRef = 66C7079D2018F16900D28B22 /* HomeDatasource.swift */; };
		66C707A020190B5C00D28B22 /* User.swift in Sources */ = {isa = PBXBuildFile; fileRef = 66C7079F20190B5C00D28B22 /* User.swift */; };
		66C707A22019150800D28B22 /* UserCell.swift in Sources */ = {isa = PBXBuildFile; fileRef = 66C707A12019150800D28B22 /* UserCell.swift */; };
		66D05751201A276500C905A5 /* TweetCell.swift in Sources */ = {isa = PBXBuildFile; fileRef = 66D05750201A276500C905A5 /* TweetCell.swift */; };
		66D05753201A2C2F00C905A5 /* tweet.swift in Sources */ = {isa = PBXBuildFile; fileRef = 66D05752201A2C2F00C905A5 /* tweet.swift */; };
		66ED7FD52019378400F31906 /* HomeDatasourceController+navbar.swift in Sources */ = {isa = PBXBuildFile; fileRef = 66ED7FD42019378400F31906 /* HomeDatasourceController+navbar.swift */; };
		E1284AC4EEDA8A36EE3D8775 /* Pods_Twitter.framework in Frameworks */ = {isa = PBXBuildFile; fileRef = 155B80A542D4BBD182238D49 /* Pods_Twitter.framework */; };
/* End PBXBuildFile section */

/* Begin PBXContainerItemProxy section */
		6625CA6F2012884C00F66DA5 /* PBXContainerItemProxy */ = {
			isa = PBXContainerItemProxy;
			containerPortal = 6625CA522012884C00F66DA5 /* Project object */;
			proxyType = 1;
			remoteGlobalIDString = 6625CA592012884C00F66DA5;
			remoteInfo = Twitter;
		};
/* End PBXContainerItemProxy section */

/* Begin PBXFileReference section */
		155B80A542D4BBD182238D49 /* Pods_Twitter.framework */ = {isa = PBXFileReference; explicitFileType = wrapper.framework; includeInIndex = 0; path = Pods_Twitter.framework; sourceTree = BUILT_PRODUCTS_DIR; };
		3DEDD346C15148B284166AAB /* Pods-Twitter.debug.xcconfig */ = {isa = PBXFileReference; includeInIndex = 1; lastKnownFileType = text.xcconfig; name = "Pods-Twitter.debug.xcconfig"; path = "Pods/Target Support Files/Pods-Twitter/Pods-Twitter.debug.xcconfig"; sourceTree = "<group>"; };
		6625CA5A2012884C00F66DA5 /* Twitter.app */ = {isa = PBXFileReference; explicitFileType = wrapper.application; includeInIndex = 0; path = Twitter.app; sourceTree = BUILT_PRODUCTS_DIR; };
		6625CA5D2012884C00F66DA5 /* AppDelegate.swift */ = {isa = PBXFileReference; lastKnownFileType = sourcecode.swift; path = AppDelegate.swift; sourceTree = "<group>"; };
		6625CA642012884C00F66DA5 /* Assets.xcassets */ = {isa = PBXFileReference; lastKnownFileType = folder.assetcatalog; path = Assets.xcassets; sourceTree = "<group>"; };
		6625CA672012884C00F66DA5 /* Base */ = {isa = PBXFileReference; lastKnownFileType = file.storyboard; name = Base; path = Base.lproj/LaunchScreen.storyboard; sourceTree = "<group>"; };
		6625CA692012884C00F66DA5 /* Info.plist */ = {isa = PBXFileReference; lastKnownFileType = text.plist.xml; path = Info.plist; sourceTree = "<group>"; };
		6625CA6E2012884C00F66DA5 /* TwitterTests.xctest */ = {isa = PBXFileReference; explicitFileType = wrapper.cfbundle; includeInIndex = 0; path = TwitterTests.xctest; sourceTree = BUILT_PRODUCTS_DIR; };
		6625CA722012884C00F66DA5 /* TwitterTests.swift */ = {isa = PBXFileReference; lastKnownFileType = sourcecode.swift; path = TwitterTests.swift; sourceTree = "<group>"; };
		6625CA742012884C00F66DA5 /* Info.plist */ = {isa = PBXFileReference; lastKnownFileType = text.plist.xml; path = Info.plist; sourceTree = "<group>"; };
		6625CA7D20128A6400F66DA5 /* HomeController.swift */ = {isa = PBXFileReference; lastKnownFileType = sourcecode.swift; path = HomeController.swift; sourceTree = "<group>"; };
		667164E2201BB41A0023E5AB /* GoogleService-Info.plist */ = {isa = PBXFileReference; fileEncoding = 4; lastKnownFileType = text.plist.xml; path = "GoogleService-Info.plist"; sourceTree = "<group>"; };
		66BD9BA92020A6D2001F99D5 /* Service.swift */ = {isa = PBXFileReference; lastKnownFileType = sourcecode.swift; path = Service.swift; sourceTree = "<group>"; };
		66C707962018E8AF00D28B22 /* HomeDatasourceController.swift */ = {isa = PBXFileReference; lastKnownFileType = sourcecode.swift; path = HomeDatasourceController.swift; sourceTree = "<group>"; };
		66C7079B2018F12B00D28B22 /* UserHeaderFooter.swift */ = {isa = PBXFileReference; lastKnownFileType = sourcecode.swift; path = UserHeaderFooter.swift; sourceTree = "<group>"; };
		66C7079D2018F16900D28B22 /* HomeDatasource.swift */ = {isa = PBXFileReference; lastKnownFileType = sourcecode.swift; path = HomeDatasource.swift; sourceTree = "<group>"; };
		66C7079F20190B5C00D28B22 /* User.swift */ = {isa = PBXFileReference; lastKnownFileType = sourcecode.swift; path = User.swift; sourceTree = "<group>"; };
		66C707A12019150800D28B22 /* UserCell.swift */ = {isa = PBXFileReference; lastKnownFileType = sourcecode.swift; path = UserCell.swift; sourceTree = "<group>"; };
		66D05750201A276500C905A5 /* TweetCell.swift */ = {isa = PBXFileReference; lastKnownFileType = sourcecode.swift; path = TweetCell.swift; sourceTree = "<group>"; };
		66D05752201A2C2F00C905A5 /* tweet.swift */ = {isa = PBXFileReference; lastKnownFileType = sourcecode.swift; path = tweet.swift; sourceTree = "<group>"; };
		66ED7FD42019378400F31906 /* HomeDatasourceController+navbar.swift */ = {isa = PBXFileReference; lastKnownFileType = sourcecode.swift; path = "HomeDatasourceController+navbar.swift"; sourceTree = "<group>"; };
		7DC68DEFF7FB365E43FD44E8 /* Pods-TwitterTests.debug.xcconfig */ = {isa = PBXFileReference; includeInIndex = 1; lastKnownFileType = text.xcconfig; name = "Pods-TwitterTests.debug.xcconfig"; path = "Pods/Target Support Files/Pods-TwitterTests/Pods-TwitterTests.debug.xcconfig"; sourceTree = "<group>"; };
		C0573A19151BC98C7524527D /* Pods-TwitterTests.release.xcconfig */ = {isa = PBXFileReference; includeInIndex = 1; lastKnownFileType = text.xcconfig; name = "Pods-TwitterTests.release.xcconfig"; path = "Pods/Target Support Files/Pods-TwitterTests/Pods-TwitterTests.release.xcconfig"; sourceTree = "<group>"; };
		DD3911547A6427DE40B0FBBC /* Pods_TwitterTests.framework */ = {isa = PBXFileReference; explicitFileType = wrapper.framework; includeInIndex = 0; path = Pods_TwitterTests.framework; sourceTree = BUILT_PRODUCTS_DIR; };
		E9BBC978335BACCD73D22063 /* Pods-Twitter.release.xcconfig */ = {isa = PBXFileReference; includeInIndex = 1; lastKnownFileType = text.xcconfig; name = "Pods-Twitter.release.xcconfig"; path = "Pods/Target Support Files/Pods-Twitter/Pods-Twitter.release.xcconfig"; sourceTree = "<group>"; };
/* End PBXFileReference section */

/* Begin PBXFrameworksBuildPhase section */
		6625CA572012884C00F66DA5 /* Frameworks */ = {
			isa = PBXFrameworksBuildPhase;
			buildActionMask = 2147483647;
			files = (
				E1284AC4EEDA8A36EE3D8775 /* Pods_Twitter.framework in Frameworks */,
			);
			runOnlyForDeploymentPostprocessing = 0;
		};
		6625CA6B2012884C00F66DA5 /* Frameworks */ = {
			isa = PBXFrameworksBuildPhase;
			buildActionMask = 2147483647;
			files = (
				5241F11904389E04FFFEA5DF /* Pods_TwitterTests.framework in Frameworks */,
			);
			runOnlyForDeploymentPostprocessing = 0;
		};
/* End PBXFrameworksBuildPhase section */

/* Begin PBXGroup section */
		40D85FB1AB2D80291E35A024 /* Frameworks */ = {
			isa = PBXGroup;
			children = (
				155B80A542D4BBD182238D49 /* Pods_Twitter.framework */,
				DD3911547A6427DE40B0FBBC /* Pods_TwitterTests.framework */,
			);
			name = Frameworks;
			sourceTree = "<group>";
		};
		6201D9B7E5A85DB70BDFEB22 /* Pods */ = {
			isa = PBXGroup;
			children = (
				3DEDD346C15148B284166AAB /* Pods-Twitter.debug.xcconfig */,
				E9BBC978335BACCD73D22063 /* Pods-Twitter.release.xcconfig */,
				7DC68DEFF7FB365E43FD44E8 /* Pods-TwitterTests.debug.xcconfig */,
				C0573A19151BC98C7524527D /* Pods-TwitterTests.release.xcconfig */,
			);
			name = Pods;
			sourceTree = "<group>";
		};
		6625CA512012884C00F66DA5 = {
			isa = PBXGroup;
			children = (
				6625CA5C2012884C00F66DA5 /* Twitter */,
				6625CA712012884C00F66DA5 /* TwitterTests */,
				6625CA5B2012884C00F66DA5 /* Products */,
				6201D9B7E5A85DB70BDFEB22 /* Pods */,
				40D85FB1AB2D80291E35A024 /* Frameworks */,
			);
			sourceTree = "<group>";
		};
		6625CA5B2012884C00F66DA5 /* Products */ = {
			isa = PBXGroup;
			children = (
				6625CA5A2012884C00F66DA5 /* Twitter.app */,
				6625CA6E2012884C00F66DA5 /* TwitterTests.xctest */,
			);
			name = Products;
			sourceTree = "<group>";
		};
		6625CA5C2012884C00F66DA5 /* Twitter */ = {
			isa = PBXGroup;
			children = (
				66BD9BA82020A6C0001F99D5 /* Service */,
				66C7079A2018F0FB00D28B22 /* View */,
				66C707992018F0F700D28B22 /* Model */,
				66C707982018F0EB00D28B22 /* Controller */,
				6625CA5D2012884C00F66DA5 /* AppDelegate.swift */,
				6625CA7D20128A6400F66DA5 /* HomeController.swift */,
				6625CA642012884C00F66DA5 /* Assets.xcassets */,
				6625CA662012884C00F66DA5 /* LaunchScreen.storyboard */,
				667164E2201BB41A0023E5AB /* GoogleService-Info.plist */,
				6625CA692012884C00F66DA5 /* Info.plist */,
			);
			path = Twitter;
			sourceTree = "<group>";
		};
		6625CA712012884C00F66DA5 /* TwitterTests */ = {
			isa = PBXGroup;
			children = (
				6625CA722012884C00F66DA5 /* TwitterTests.swift */,
				6625CA742012884C00F66DA5 /* Info.plist */,
			);
			path = TwitterTests;
			sourceTree = "<group>";
		};
		66BD9BA82020A6C0001F99D5 /* Service */ = {
			isa = PBXGroup;
			children = (
				66BD9BA92020A6D2001F99D5 /* Service.swift */,
			);
			path = Service;
			sourceTree = "<group>";
		};
		66C707982018F0EB00D28B22 /* Controller */ = {
			isa = PBXGroup;
			children = (
				66C707962018E8AF00D28B22 /* HomeDatasourceController.swift */,
				66ED7FD42019378400F31906 /* HomeDatasourceController+navbar.swift */,
			);
			path = Controller;
			sourceTree = "<group>";
		};
		66C707992018F0F700D28B22 /* Model */ = {
			isa = PBXGroup;
			children = (
				66C7079D2018F16900D28B22 /* HomeDatasource.swift */,
				66C7079F20190B5C00D28B22 /* User.swift */,
				66D05752201A2C2F00C905A5 /* tweet.swift */,
			);
			path = Model;
			sourceTree = "<group>";
		};
		66C7079A2018F0FB00D28B22 /* View */ = {
			isa = PBXGroup;
			children = (
				66C7079B2018F12B00D28B22 /* UserHeaderFooter.swift */,
				66C707A12019150800D28B22 /* UserCell.swift */,
				66D05750201A276500C905A5 /* TweetCell.swift */,
			);
			path = View;
			sourceTree = "<group>";
		};
/* End PBXGroup section */

/* Begin PBXNativeTarget section */
		6625CA592012884C00F66DA5 /* Twitter */ = {
			isa = PBXNativeTarget;
			buildConfigurationList = 6625CA772012884C00F66DA5 /* Build configuration list for PBXNativeTarget "Twitter" */;
			buildPhases = (
				D70B273E8FF8B4414C2804B8 /* [CP] Check Pods Manifest.lock */,
				6625CA562012884C00F66DA5 /* Sources */,
				6625CA572012884C00F66DA5 /* Frameworks */,
				6625CA582012884C00F66DA5 /* Resources */,
				17BD02793FF54F6FE8DD3D8C /* [CP] Embed Pods Frameworks */,
				9FD47FDB0CBBB47F3E095C3A /* [CP] Copy Pods Resources */,
			);
			buildRules = (
			);
			dependencies = (
			);
			name = Twitter;
			productName = Twitter;
			productReference = 6625CA5A2012884C00F66DA5 /* Twitter.app */;
			productType = "com.apple.product-type.application";
		};
		6625CA6D2012884C00F66DA5 /* TwitterTests */ = {
			isa = PBXNativeTarget;
			buildConfigurationList = 6625CA7A2012884C00F66DA5 /* Build configuration list for PBXNativeTarget "TwitterTests" */;
			buildPhases = (
				5207DEE420940EF828395F20 /* [CP] Check Pods Manifest.lock */,
				6625CA6A2012884C00F66DA5 /* Sources */,
				6625CA6B2012884C00F66DA5 /* Frameworks */,
				6625CA6C2012884C00F66DA5 /* Resources */,
				EC922AECF0CC7131F6E21837 /* [CP] Embed Pods Frameworks */,
				B37DC15EA2DB17E55566C8A3 /* [CP] Copy Pods Resources */,
			);
			buildRules = (
			);
			dependencies = (
				6625CA702012884C00F66DA5 /* PBXTargetDependency */,
			);
			name = TwitterTests;
			productName = TwitterTests;
			productReference = 6625CA6E2012884C00F66DA5 /* TwitterTests.xctest */;
			productType = "com.apple.product-type.bundle.unit-test";
		};
/* End PBXNativeTarget section */

/* Begin PBXProject section */
		6625CA522012884C00F66DA5 /* Project object */ = {
			isa = PBXProject;
			attributes = {
				LastSwiftUpdateCheck = 0920;
				LastUpgradeCheck = 0920;
				ORGANIZATIONNAME = "a+";
				TargetAttributes = {
					6625CA592012884C00F66DA5 = {
						CreatedOnToolsVersion = 9.2;
						ProvisioningStyle = Automatic;
					};
					6625CA6D2012884C00F66DA5 = {
						CreatedOnToolsVersion = 9.2;
						ProvisioningStyle = Automatic;
						TestTargetID = 6625CA592012884C00F66DA5;
					};
				};
			};
			buildConfigurationList = 6625CA552012884C00F66DA5 /* Build configuration list for PBXProject "Twitter" */;
			compatibilityVersion = "Xcode 8.0";
			developmentRegion = en;
			hasScannedForEncodings = 0;
			knownRegions = (
				en,
				Base,
			);
			mainGroup = 6625CA512012884C00F66DA5;
			productRefGroup = 6625CA5B2012884C00F66DA5 /* Products */;
			projectDirPath = "";
			projectRoot = "";
			targets = (
				6625CA592012884C00F66DA5 /* Twitter */,
				6625CA6D2012884C00F66DA5 /* TwitterTests */,
			);
		};
/* End PBXProject section */

/* Begin PBXResourcesBuildPhase section */
		6625CA582012884C00F66DA5 /* Resources */ = {
			isa = PBXResourcesBuildPhase;
			buildActionMask = 2147483647;
			files = (
				6625CA682012884C00F66DA5 /* LaunchScreen.storyboard in Resources */,
				6625CA652012884C00F66DA5 /* Assets.xcassets in Resources */,
				667164E3201BB41A0023E5AB /* GoogleService-Info.plist in Resources */,
			);
			runOnlyForDeploymentPostprocessing = 0;
		};
		6625CA6C2012884C00F66DA5 /* Resources */ = {
			isa = PBXResourcesBuildPhase;
			buildActionMask = 2147483647;
			files = (
			);
			runOnlyForDeploymentPostprocessing = 0;
		};
/* End PBXResourcesBuildPhase section */

/* Begin PBXShellScriptBuildPhase section */
		17BD02793FF54F6FE8DD3D8C /* [CP] Embed Pods Frameworks */ = {
			isa = PBXShellScriptBuildPhase;
			buildActionMask = 2147483647;
			files = (
			);
			inputPaths = (
				"${SRCROOT}/Pods/Target Support Files/Pods-Twitter/Pods-Twitter-frameworks.sh",
				"${BUILT_PRODUCTS_DIR}/BoringSSL/openssl.framework",
				"${BUILT_PRODUCTS_DIR}/GoogleToolboxForMac/GoogleToolboxForMac.framework",
				"${BUILT_PRODUCTS_DIR}/LBTAComponents/LBTAComponents.framework",
				"${BUILT_PRODUCTS_DIR}/Protobuf/Protobuf.framework",
				"${BUILT_PRODUCTS_DIR}/gRPC/GRPCClient.framework",
				"${BUILT_PRODUCTS_DIR}/gRPC-Core/grpc.framework",
				"${BUILT_PRODUCTS_DIR}/gRPC-ProtoRPC/ProtoRPC.framework",
				"${BUILT_PRODUCTS_DIR}/gRPC-RxLibrary/RxLibrary.framework",
				"${BUILT_PRODUCTS_DIR}/leveldb-library/leveldb.framework",
				"${BUILT_PRODUCTS_DIR}/nanopb/nanopb.framework",
			);
			name = "[CP] Embed Pods Frameworks";
			outputPaths = (
				"${TARGET_BUILD_DIR}/${FRAMEWORKS_FOLDER_PATH}/openssl.framework",
				"${TARGET_BUILD_DIR}/${FRAMEWORKS_FOLDER_PATH}/GoogleToolboxForMac.framework",
				"${TARGET_BUILD_DIR}/${FRAMEWORKS_FOLDER_PATH}/LBTAComponents.framework",
				"${TARGET_BUILD_DIR}/${FRAMEWORKS_FOLDER_PATH}/Protobuf.framework",
				"${TARGET_BUILD_DIR}/${FRAMEWORKS_FOLDER_PATH}/GRPCClient.framework",
				"${TARGET_BUILD_DIR}/${FRAMEWORKS_FOLDER_PATH}/grpc.framework",
				"${TARGET_BUILD_DIR}/${FRAMEWORKS_FOLDER_PATH}/ProtoRPC.framework",
				"${TARGET_BUILD_DIR}/${FRAMEWORKS_FOLDER_PATH}/RxLibrary.framework",
				"${TARGET_BUILD_DIR}/${FRAMEWORKS_FOLDER_PATH}/leveldb.framework",
				"${TARGET_BUILD_DIR}/${FRAMEWORKS_FOLDER_PATH}/nanopb.framework",
			);
			runOnlyForDeploymentPostprocessing = 0;
			shellPath = /bin/sh;
			shellScript = "\"${SRCROOT}/Pods/Target Support Files/Pods-Twitter/Pods-Twitter-frameworks.sh\"\n";
			showEnvVarsInLog = 0;
		};
		5207DEE420940EF828395F20 /* [CP] Check Pods Manifest.lock */ = {
			isa = PBXShellScriptBuildPhase;
			buildActionMask = 2147483647;
			files = (
			);
			inputPaths = (
				"${PODS_PODFILE_DIR_PATH}/Podfile.lock",
				"${PODS_ROOT}/Manifest.lock",
			);
			name = "[CP] Check Pods Manifest.lock";
			outputPaths = (
				"$(DERIVED_FILE_DIR)/Pods-TwitterTests-checkManifestLockResult.txt",
			);
			runOnlyForDeploymentPostprocessing = 0;
			shellPath = /bin/sh;
			shellScript = "diff \"${PODS_PODFILE_DIR_PATH}/Podfile.lock\" \"${PODS_ROOT}/Manifest.lock\" > /dev/null\nif [ $? != 0 ] ; then\n    # print error to STDERR\n    echo \"error: The sandbox is not in sync with the Podfile.lock. Run 'pod install' or update your CocoaPods installation.\" >&2\n    exit 1\nfi\n# This output is used by Xcode 'outputs' to avoid re-running this script phase.\necho \"SUCCESS\" > \"${SCRIPT_OUTPUT_FILE_0}\"\n";
			showEnvVarsInLog = 0;
		};
		9FD47FDB0CBBB47F3E095C3A /* [CP] Copy Pods Resources */ = {
			isa = PBXShellScriptBuildPhase;
			buildActionMask = 2147483647;
			files = (
			);
			inputPaths = (
			);
			name = "[CP] Copy Pods Resources";
			outputPaths = (
			);
			runOnlyForDeploymentPostprocessing = 0;
			shellPath = /bin/sh;
			shellScript = "\"${SRCROOT}/Pods/Target Support Files/Pods-Twitter/Pods-Twitter-resources.sh\"\n";
			showEnvVarsInLog = 0;
		};
		B37DC15EA2DB17E55566C8A3 /* [CP] Copy Pods Resources */ = {
			isa = PBXShellScriptBuildPhase;
			buildActionMask = 2147483647;
			files = (
			);
			inputPaths = (
			);
			name = "[CP] Copy Pods Resources";
			outputPaths = (
			);
			runOnlyForDeploymentPostprocessing = 0;
			shellPath = /bin/sh;
			shellScript = "\"${SRCROOT}/Pods/Target Support Files/Pods-TwitterTests/Pods-TwitterTests-resources.sh\"\n";
			showEnvVarsInLog = 0;
		};
		D70B273E8FF8B4414C2804B8 /* [CP] Check Pods Manifest.lock */ = {
			isa = PBXShellScriptBuildPhase;
			buildActionMask = 2147483647;
			files = (
			);
			inputPaths = (
				"${PODS_PODFILE_DIR_PATH}/Podfile.lock",
				"${PODS_ROOT}/Manifest.lock",
			);
			name = "[CP] Check Pods Manifest.lock";
			outputPaths = (
				"$(DERIVED_FILE_DIR)/Pods-Twitter-checkManifestLockResult.txt",
			);
			runOnlyForDeploymentPostprocessing = 0;
			shellPath = /bin/sh;
			shellScript = "diff \"${PODS_PODFILE_DIR_PATH}/Podfile.lock\" \"${PODS_ROOT}/Manifest.lock\" > /dev/null\nif [ $? != 0 ] ; then\n    # print error to STDERR\n    echo \"error: The sandbox is not in sync with the Podfile.lock. Run 'pod install' or update your CocoaPods installation.\" >&2\n    exit 1\nfi\n# This output is used by Xcode 'outputs' to avoid re-running this script phase.\necho \"SUCCESS\" > \"${SCRIPT_OUTPUT_FILE_0}\"\n";
			showEnvVarsInLog = 0;
		};
		EC922AECF0CC7131F6E21837 /* [CP] Embed Pods Frameworks */ = {
			isa = PBXShellScriptBuildPhase;
			buildActionMask = 2147483647;
			files = (
			);
			inputPaths = (
			);
			name = "[CP] Embed Pods Frameworks";
			outputPaths = (
			);
			runOnlyForDeploymentPostprocessing = 0;
			shellPath = /bin/sh;
			shellScript = "\"${SRCROOT}/Pods/Target Support Files/Pods-TwitterTests/Pods-TwitterTests-frameworks.sh\"\n";
			showEnvVarsInLog = 0;
		};
/* End PBXShellScriptBuildPhase section */

/* Begin PBXSourcesBuildPhase section */
		6625CA562012884C00F66DA5 /* Sources */ = {
			isa = PBXSourcesBuildPhase;
			buildActionMask = 2147483647;
			files = (
				66C7079E2018F16900D28B22 /* HomeDatasource.swift in Sources */,
				66D05753201A2C2F00C905A5 /* tweet.swift in Sources */,
				6625CA5E2012884C00F66DA5 /* AppDelegate.swift in Sources */,
				66C707A020190B5C00D28B22 /* User.swift in Sources */,
				66D05751201A276500C905A5 /* TweetCell.swift in Sources */,
				66C7079C2018F12B00D28B22 /* UserHeaderFooter.swift in Sources */,
				66C707972018E8AF00D28B22 /* HomeDatasourceController.swift in Sources */,
				66ED7FD52019378400F31906 /* HomeDatasourceController+navbar.swift in Sources */,
				66BD9BAA2020A6D2001F99D5 /* Service.swift in Sources */,
				6625CA7E20128A6400F66DA5 /* HomeController.swift in Sources */,
				66C707A22019150800D28B22 /* UserCell.swift in Sources */,
			);
			runOnlyForDeploymentPostprocessing = 0;
		};
		6625CA6A2012884C00F66DA5 /* Sources */ = {
			isa = PBXSourcesBuildPhase;
			buildActionMask = 2147483647;
			files = (
				6625CA732012884C00F66DA5 /* TwitterTests.swift in Sources */,
			);
			runOnlyForDeploymentPostprocessing = 0;
		};
/* End PBXSourcesBuildPhase section */

/* Begin PBXTargetDependency section */
		6625CA702012884C00F66DA5 /* PBXTargetDependency */ = {
			isa = PBXTargetDependency;
			target = 6625CA592012884C00F66DA5 /* Twitter */;
			targetProxy = 6625CA6F2012884C00F66DA5 /* PBXContainerItemProxy */;
		};
/* End PBXTargetDependency section */

/* Begin PBXVariantGroup section */
		6625CA662012884C00F66DA5 /* LaunchScreen.storyboard */ = {
			isa = PBXVariantGroup;
			children = (
				6625CA672012884C00F66DA5 /* Base */,
			);
			name = LaunchScreen.storyboard;
			sourceTree = "<group>";
		};
/* End PBXVariantGroup section */

/* Begin XCBuildConfiguration section */
		6625CA752012884C00F66DA5 /* Debug */ = {
			isa = XCBuildConfiguration;
			buildSettings = {
				ALWAYS_SEARCH_USER_PATHS = NO;
				CLANG_ANALYZER_NONNULL = YES;
				CLANG_ANALYZER_NUMBER_OBJECT_CONVERSION = YES_AGGRESSIVE;
				CLANG_CXX_LANGUAGE_STANDARD = "gnu++14";
				CLANG_CXX_LIBRARY = "libc++";
				CLANG_ENABLE_MODULES = YES;
				CLANG_ENABLE_OBJC_ARC = YES;
				CLANG_WARN_BLOCK_CAPTURE_AUTORELEASING = YES;
				CLANG_WARN_BOOL_CONVERSION = YES;
				CLANG_WARN_COMMA = YES;
				CLANG_WARN_CONSTANT_CONVERSION = YES;
				CLANG_WARN_DIRECT_OBJC_ISA_USAGE = YES_ERROR;
				CLANG_WARN_DOCUMENTATION_COMMENTS = YES;
				CLANG_WARN_EMPTY_BODY = YES;
				CLANG_WARN_ENUM_CONVERSION = YES;
				CLANG_WARN_INFINITE_RECURSION = YES;
				CLANG_WARN_INT_CONVERSION = YES;
				CLANG_WARN_NON_LITERAL_NULL_CONVERSION = YES;
				CLANG_WARN_OBJC_LITERAL_CONVERSION = YES;
				CLANG_WARN_OBJC_ROOT_CLASS = YES_ERROR;
				CLANG_WARN_RANGE_LOOP_ANALYSIS = YES;
				CLANG_WARN_STRICT_PROTOTYPES = YES;
				CLANG_WARN_SUSPICIOUS_MOVE = YES;
				CLANG_WARN_UNGUARDED_AVAILABILITY = YES_AGGRESSIVE;
				CLANG_WARN_UNREACHABLE_CODE = YES;
				CLANG_WARN__DUPLICATE_METHOD_MATCH = YES;
				CODE_SIGN_IDENTITY = "iPhone Developer";
				COPY_PHASE_STRIP = NO;
				DEBUG_INFORMATION_FORMAT = dwarf;
				ENABLE_STRICT_OBJC_MSGSEND = YES;
				ENABLE_TESTABILITY = YES;
				GCC_C_LANGUAGE_STANDARD = gnu11;
				GCC_DYNAMIC_NO_PIC = NO;
				GCC_NO_COMMON_BLOCKS = YES;
				GCC_OPTIMIZATION_LEVEL = 0;
				GCC_PREPROCESSOR_DEFINITIONS = (
					"DEBUG=1",
					"$(inherited)",
				);
				GCC_WARN_64_TO_32_BIT_CONVERSION = YES;
				GCC_WARN_ABOUT_RETURN_TYPE = YES_ERROR;
				GCC_WARN_UNDECLARED_SELECTOR = YES;
				GCC_WARN_UNINITIALIZED_AUTOS = YES_AGGRESSIVE;
				GCC_WARN_UNUSED_FUNCTION = YES;
				GCC_WARN_UNUSED_VARIABLE = YES;
				IPHONEOS_DEPLOYMENT_TARGET = 11.2;
				MTL_ENABLE_DEBUG_INFO = YES;
				ONLY_ACTIVE_ARCH = YES;
				SDKROOT = iphoneos;
				SWIFT_ACTIVE_COMPILATION_CONDITIONS = DEBUG;
				SWIFT_OPTIMIZATION_LEVEL = "-Onone";
			};
			name = Debug;
		};
		6625CA762012884C00F66DA5 /* Release */ = {
			isa = XCBuildConfiguration;
			buildSettings = {
				ALWAYS_SEARCH_USER_PATHS = NO;
				CLANG_ANALYZER_NONNULL = YES;
				CLANG_ANALYZER_NUMBER_OBJECT_CONVERSION = YES_AGGRESSIVE;
				CLANG_CXX_LANGUAGE_STANDARD = "gnu++14";
				CLANG_CXX_LIBRARY = "libc++";
				CLANG_ENABLE_MODULES = YES;
				CLANG_ENABLE_OBJC_ARC = YES;
				CLANG_WARN_BLOCK_CAPTURE_AUTORELEASING = YES;
				CLANG_WARN_BOOL_CONVERSION = YES;
				CLANG_WARN_COMMA = YES;
				CLANG_WARN_CONSTANT_CONVERSION = YES;
				CLANG_WARN_DIRECT_OBJC_ISA_USAGE = YES_ERROR;
				CLANG_WARN_DOCUMENTATION_COMMENTS = YES;
				CLANG_WARN_EMPTY_BODY = YES;
				CLANG_WARN_ENUM_CONVERSION = YES;
				CLANG_WARN_INFINITE_RECURSION = YES;
				CLANG_WARN_INT_CONVERSION = YES;
				CLANG_WARN_NON_LITERAL_NULL_CONVERSION = YES;
				CLANG_WARN_OBJC_LITERAL_CONVERSION = YES;
				CLANG_WARN_OBJC_ROOT_CLASS = YES_ERROR;
				CLANG_WARN_RANGE_LOOP_ANALYSIS = YES;
				CLANG_WARN_STRICT_PROTOTYPES = YES;
				CLANG_WARN_SUSPICIOUS_MOVE = YES;
				CLANG_WARN_UNGUARDED_AVAILABILITY = YES_AGGRESSIVE;
				CLANG_WARN_UNREACHABLE_CODE = YES;
				CLANG_WARN__DUPLICATE_METHOD_MATCH = YES;
				CODE_SIGN_IDENTITY = "iPhone Developer";
				COPY_PHASE_STRIP = NO;
				DEBUG_INFORMATION_FORMAT = "dwarf-with-dsym";
				ENABLE_NS_ASSERTIONS = NO;
				ENABLE_STRICT_OBJC_MSGSEND = YES;
				GCC_C_LANGUAGE_STANDARD = gnu11;
				GCC_NO_COMMON_BLOCKS = YES;
				GCC_WARN_64_TO_32_BIT_CONVERSION = YES;
				GCC_WARN_ABOUT_RETURN_TYPE = YES_ERROR;
				GCC_WARN_UNDECLARED_SELECTOR = YES;
				GCC_WARN_UNINITIALIZED_AUTOS = YES_AGGRESSIVE;
				GCC_WARN_UNUSED_FUNCTION = YES;
				GCC_WARN_UNUSED_VARIABLE = YES;
				IPHONEOS_DEPLOYMENT_TARGET = 11.2;
				MTL_ENABLE_DEBUG_INFO = NO;
				SDKROOT = iphoneos;
				SWIFT_OPTIMIZATION_LEVEL = "-Owholemodule";
				VALIDATE_PRODUCT = YES;
			};
			name = Release;
		};
		6625CA782012884C00F66DA5 /* Debug */ = {
			isa = XCBuildConfiguration;
			baseConfigurationReference = 3DEDD346C15148B284166AAB /* Pods-Twitter.debug.xcconfig */;
			buildSettings = {
				ASSETCATALOG_COMPILER_APPICON_NAME = AppIcon;
				CODE_SIGN_STYLE = Automatic;
				DEVELOPMENT_TEAM = 776XC27J56;
				INFOPLIST_FILE = Twitter/Info.plist;
				IPHONEOS_DEPLOYMENT_TARGET = 10.0;
				LD_RUNPATH_SEARCH_PATHS = "$(inherited) @executable_path/Frameworks";
				PRODUCT_BUNDLE_IDENTIFIER = aplus.Twitter;
				PRODUCT_NAME = "$(TARGET_NAME)";
				SWIFT_VERSION = 4.0;
				TARGETED_DEVICE_FAMILY = "1,2";
			};
			name = Debug;
		};
		6625CA792012884C00F66DA5 /* Release */ = {
			isa = XCBuildConfiguration;
			baseConfigurationReference = E9BBC978335BACCD73D22063 /* Pods-Twitter.release.xcconfig */;
			buildSettings = {
				ASSETCATALOG_COMPILER_APPICON_NAME = AppIcon;
				CODE_SIGN_STYLE = Automatic;
				DEVELOPMENT_TEAM = 776XC27J56;
				INFOPLIST_FILE = Twitter/Info.plist;
				IPHONEOS_DEPLOYMENT_TARGET = 10.0;
				LD_RUNPATH_SEARCH_PATHS = "$(inherited) @executable_path/Frameworks";
				PRODUCT_BUNDLE_IDENTIFIER = aplus.Twitter;
				PRODUCT_NAME = "$(TARGET_NAME)";
				SWIFT_VERSION = 4.0;
				TARGETED_DEVICE_FAMILY = "1,2";
			};
			name = Release;
		};
		6625CA7B2012884C00F66DA5 /* Debug */ = {
			isa = XCBuildConfiguration;
			baseConfigurationReference = 7DC68DEFF7FB365E43FD44E8 /* Pods-TwitterTests.debug.xcconfig */;
			buildSettings = {
				ALWAYS_EMBED_SWIFT_STANDARD_LIBRARIES = YES;
				BUNDLE_LOADER = "$(TEST_HOST)";
				CODE_SIGN_STYLE = Automatic;
				DEVELOPMENT_TEAM = 776XC27J56;
				INFOPLIST_FILE = TwitterTests/Info.plist;
				LD_RUNPATH_SEARCH_PATHS = "$(inherited) @executable_path/Frameworks @loader_path/Frameworks";
				PRODUCT_BUNDLE_IDENTIFIER = aplus.TwitterTests;
				PRODUCT_NAME = "$(TARGET_NAME)";
				SWIFT_VERSION = 4.0;
				TARGETED_DEVICE_FAMILY = "1,2";
				TEST_HOST = "$(BUILT_PRODUCTS_DIR)/Twitter.app/Twitter";
			};
			name = Debug;
		};
		6625CA7C2012884C00F66DA5 /* Release */ = {
			isa = XCBuildConfiguration;
			baseConfigurationReference = C0573A19151BC98C7524527D /* Pods-TwitterTests.release.xcconfig */;
			buildSettings = {
				ALWAYS_EMBED_SWIFT_STANDARD_LIBRARIES = YES;
				BUNDLE_LOADER = "$(TEST_HOST)";
				CODE_SIGN_STYLE = Automatic;
				DEVELOPMENT_TEAM = 776XC27J56;
				INFOPLIST_FILE = TwitterTests/Info.plist;
				LD_RUNPATH_SEARCH_PATHS = "$(inherited) @executable_path/Frameworks @loader_path/Frameworks";
				PRODUCT_BUNDLE_IDENTIFIER = aplus.TwitterTests;
				PRODUCT_NAME = "$(TARGET_NAME)";
				SWIFT_VERSION = 4.0;
				TARGETED_DEVICE_FAMILY = "1,2";
				TEST_HOST = "$(BUILT_PRODUCTS_DIR)/Twitter.app/Twitter";
			};
			name = Release;
		};
/* End XCBuildConfiguration section */

/* Begin XCConfigurationList section */
		6625CA552012884C00F66DA5 /* Build configuration list for PBXProject "Twitter" */ = {
			isa = XCConfigurationList;
			buildConfigurations = (
				6625CA752012884C00F66DA5 /* Debug */,
				6625CA762012884C00F66DA5 /* Release */,
			);
			defaultConfigurationIsVisible = 0;
			defaultConfigurationName = Release;
		};
		6625CA772012884C00F66DA5 /* Build configuration list for PBXNativeTarget "Twitter" */ = {
			isa = XCConfigurationList;
			buildConfigurations = (
				6625CA782012884C00F66DA5 /* Debug */,
				6625CA792012884C00F66DA5 /* Release */,
			);
			defaultConfigurationIsVisible = 0;
			defaultConfigurationName = Release;
		};
		6625CA7A2012884C00F66DA5 /* Build configuration list for PBXNativeTarget "TwitterTests" */ = {
			isa = XCConfigurationList;
			buildConfigurations = (
				6625CA7B2012884C00F66DA5 /* Debug */,
				6625CA7C2012884C00F66DA5 /* Release */,
			);
			defaultConfigurationIsVisible = 0;
			defaultConfigurationName = Release;
		};
/* End XCConfigurationList section */
	};
	rootObject = 6625CA522012884C00F66DA5 /* Project object */;
}
